{
  "lockfileVersion": 1,
  "workspaces": {
    "": {
      "name": "workspace",
      "devDependencies": {
        "@types/bun": "catalog:",
        "@types/node": "catalog:",
        "oxlint": "1.23.0",
        "tsdown": "0.15.7",
        "turbo": "2.5.8",
        "typescript": "catalog:",
      },
    },
    "packages/config": {
      "name": "@react-appwrite/config",
    },
    "packages/react-appwrite": {
      "name": "react-appwrite",
      "dependencies": {
        "@tanstack/react-query": "5.90.6",
        "appwrite": "21.3.0",
      },
      "devDependencies": {
        "@react-appwrite/config": "workspace:*",
        "@types/react": "catalog:",
        "@types/react-dom": "catalog:",
      },
    },
  },
  "catalog": {
    "@types/bun": "1.3.1",
    "@types/node": "24.10.0",
    "@types/react": "19.2.0",
    "@types/react-dom": "19.2.0",
    "react": "19.2.0",
    "react-dom": "19.2.0",
    "typescript": "5.9.3",
    "zod": "4.1.12",
  },
  "packages": {
    "@babel/generator": ["@babel/generator@7.28.5", "", { "dependencies": { "@babel/parser": "^7.28.5", "@babel/types": "^7.28.5", "@jridgewell/gen-mapping": "^0.3.12", "@jridgewell/trace-mapping": "^0.3.28", "jsesc": "^3.0.2" } }, "sha512-3EwLFhZ38J4VyIP6WNtt2kUdW9dokXA9Cr4IVIFHuCpZ3H8/YFOl5JjZHisrn1fATPBmKKqXzDFvh9fUwHz6CQ=="],

    "@babel/helper-string-parser": ["@babel/helper-string-parser@7.27.1", "", {}, "sha512-qMlSxKbpRlAridDExk92nSobyDdpPijUq2DW6oDnUqd0iOGxmQjyqhMIihI9+zv4LPyZdRje2cavWPbCbWm3eA=="],

    "@babel/helper-validator-identifier": ["@babel/helper-validator-identifier@7.28.5", "", {}, "sha512-qSs4ifwzKJSV39ucNjsvc6WVHs6b7S03sOh2OcHF9UHfVPqWWALUsNUVzhSBiItjRZoLHx7nIarVjqKVusUZ1Q=="],

    "@babel/parser": ["@babel/parser@7.28.5", "", { "dependencies": { "@babel/types": "^7.28.5" }, "bin": "./bin/babel-parser.js" }, "sha512-KKBU1VGYR7ORr3At5HAtUQ+TV3SzRCXmA/8OdDZiLDBIZxVyzXuztPjfLd3BV1PRAQGCMWWSHYhL0F8d5uHBDQ=="],

    "@babel/types": ["@babel/types@7.28.5", "", { "dependencies": { "@babel/helper-string-parser": "^7.27.1", "@babel/helper-validator-identifier": "^7.28.5" } }, "sha512-qQ5m48eI/MFLQ5PxQj4PFaprjyCTLI37ElWMmNs0K8Lk3dVeOdNpB3ks8jc7yM5CDmVC73eMVk/trk3fgmrUpA=="],

    "@emnapi/core": ["@emnapi/core@1.6.0", "", { "dependencies": { "@emnapi/wasi-threads": "1.1.0", "tslib": "^2.4.0" } }, "sha512-zq/ay+9fNIJJtJiZxdTnXS20PllcYMX3OE23ESc4HK/bdYu3cOWYVhsOhVnXALfU/uqJIxn5NBPd9z4v+SfoSg=="],

    "@emnapi/runtime": ["@emnapi/runtime@1.6.0", "", { "dependencies": { "tslib": "^2.4.0" } }, "sha512-obtUmAHTMjll499P+D9A3axeJFlhdjOWdKUNs/U6QIGT7V5RjcUW1xToAzjvmgTSQhDbYn/NwfTRoJcQ2rNBxA=="],

    "@emnapi/wasi-threads": ["@emnapi/wasi-threads@1.1.0", "", { "dependencies": { "tslib": "^2.4.0" } }, "sha512-WI0DdZ8xFSbgMjR1sFsKABJ/C5OnRrjT06JXbZKexJGrDuPTzZdDYfFlsgcCXCyf+suG5QU2e/y1Wo2V/OapLQ=="],

    "@jridgewell/gen-mapping": ["@jridgewell/gen-mapping@0.3.13", "", { "dependencies": { "@jridgewell/sourcemap-codec": "^1.5.0", "@jridgewell/trace-mapping": "^0.3.24" } }, "sha512-2kkt/7niJ6MgEPxF0bYdQ6etZaA+fQvDcLKckhy1yIQOzaoKjBBjSj63/aLVjYE3qhRt5dvM+uUyfCg6UKCBbA=="],

    "@jridgewell/resolve-uri": ["@jridgewell/resolve-uri@3.1.2", "", {}, "sha512-bRISgCIjP20/tbWSPWMEi54QVPRZExkuD9lJL+UIxUKtwVJA8wW1Trb1jMs1RFXo1CBTNZ/5hpC9QvmKWdopKw=="],

    "@jridgewell/sourcemap-codec": ["@jridgewell/sourcemap-codec@1.5.5", "", {}, "sha512-cYQ9310grqxueWbl+WuIUIaiUaDcj7WOq5fVhEljNVgRfOUhY9fy2zTvfoqWsnebh8Sl70VScFbICvJnLKB0Og=="],

    "@jridgewell/trace-mapping": ["@jridgewell/trace-mapping@0.3.31", "", { "dependencies": { "@jridgewell/resolve-uri": "^3.1.0", "@jridgewell/sourcemap-codec": "^1.4.14" } }, "sha512-zzNR+SdQSDJzc8joaeP8QQoCQr8NuYx2dIIytl1QeBEZHJ9uW6hebsrYgbz8hJwUQao3TWCMtmfV8Nu1twOLAw=="],

    "@napi-rs/wasm-runtime": ["@napi-rs/wasm-runtime@1.0.7", "", { "dependencies": { "@emnapi/core": "^1.5.0", "@emnapi/runtime": "^1.5.0", "@tybys/wasm-util": "^0.10.1" } }, "sha512-SeDnOO0Tk7Okiq6DbXmmBODgOAb9dp9gjlphokTUxmt8U3liIP1ZsozBahH69j/RJv+Rfs6IwUKHTgQYJ/HBAw=="],

    "@oxc-project/types": ["@oxc-project/types@0.95.0", "", {}, "sha512-vACy7vhpMPhjEJhULNxrdR0D943TkA/MigMpJCHmBHvMXxRStRi/dPtTlfQ3uDwWSzRpT8z+7ImjZVf8JWBocQ=="],

    "@oxlint/darwin-arm64": ["@oxlint/darwin-arm64@1.23.0", "", { "os": "darwin", "cpu": "arm64" }, "sha512-sbxoftgEMKmZQO7O4wHR9Rs7MfiHa2UH2x4QJDoc4LXqSCsI4lUIJbFQ05vX+zOUbt7CQMPdxEzExd4DqeKY2w=="],

    "@oxlint/darwin-x64": ["@oxlint/darwin-x64@1.23.0", "", { "os": "darwin", "cpu": "x64" }, "sha512-PjByWr1TlwHQiOqEc8CPyXCT4wnujSK3n9l1m4un0Eh0uLJEDG5WM9tyDWOGuakC0Ika9/SMp0HDRg3ySchRRA=="],

    "@oxlint/linux-arm64-gnu": ["@oxlint/linux-arm64-gnu@1.23.0", "", { "os": "linux", "cpu": "arm64" }, "sha512-sWlCwQ6xKeKC08qU3SfozqpRGCLJiO/onPYFJKEHbjzHkFp+OubOacFaT4ePcka28jCU1TvQ7Gi5BVQRncr0Xg=="],

    "@oxlint/linux-arm64-musl": ["@oxlint/linux-arm64-musl@1.23.0", "", { "os": "linux", "cpu": "arm64" }, "sha512-MPkmSiezuVgjMbzDSkRhENdnb038JOI+OTpBrOho2crbCAuqSRvyFwkMRhncJGZskzo1yeKxrKXB8T83ofmSXw=="],

    "@oxlint/linux-x64-gnu": ["@oxlint/linux-x64-gnu@1.23.0", "", { "os": "linux", "cpu": "x64" }, "sha512-F6H9wmLfjBoNqtsgyg3P9abLnkVjNbCAnISKdRtDl7HvkMs4s/eU8np9+tSnqPeKOTBhkS+h/VSWgPGZTqIWQA=="],

    "@oxlint/linux-x64-musl": ["@oxlint/linux-x64-musl@1.23.0", "", { "os": "linux", "cpu": "x64" }, "sha512-Xra0Cow35mAku8mbUbviPRalTU4Ct6MXQ1Eue8GmN4HFkjosrNa5qfy7QkJBqzjiI+JdnHxPXwackGn92/XOQw=="],

    "@oxlint/win32-arm64": ["@oxlint/win32-arm64@1.23.0", "", { "os": "win32", "cpu": "arm64" }, "sha512-FR+I+uGD3eFzTfBw87QRr+Y1jBYil3TqPM0wkSvuf3gOJTEXAfSkh9QHCgQqrseW3HDW7YJJ8ty1+sU31H/N4g=="],

    "@oxlint/win32-x64": ["@oxlint/win32-x64@1.23.0", "", { "os": "win32", "cpu": "x64" }, "sha512-/oX0b26YIC1OgS5B+G8Ux1Vs/PIjOP4CBRzsPpYr0T+RoboJ3ZuV32bztLRggJKQqIlozcqiRo9fl/UMOMp8kQ=="],

    "@quansync/fs": ["@quansync/fs@0.1.5", "", { "dependencies": { "quansync": "^0.2.11" } }, "sha512-lNS9hL2aS2NZgNW7BBj+6EBl4rOf8l+tQ0eRY6JWCI8jI2kc53gSoqbjojU0OnAWhzoXiOjFyGsHcDGePB3lhA=="],

    "@react-appwrite/config": ["@react-appwrite/config@workspace:packages/config"],

    "@rolldown/binding-android-arm64": ["@rolldown/binding-android-arm64@1.0.0-beta.45", "", { "os": "android", "cpu": "arm64" }, "sha512-bfgKYhFiXJALeA/riil908+2vlyWGdwa7Ju5S+JgWZYdR4jtiPOGdM6WLfso1dojCh+4ZWeiTwPeV9IKQEX+4g=="],

    "@rolldown/binding-darwin-arm64": ["@rolldown/binding-darwin-arm64@1.0.0-beta.45", "", { "os": "darwin", "cpu": "arm64" }, "sha512-xjCv4CRVsSnnIxTuyH1RDJl5OEQ1c9JYOwfDAHddjJDxCw46ZX9q80+xq7Eok7KC4bRSZudMJllkvOKv0T9SeA=="],

    "@rolldown/binding-darwin-x64": ["@rolldown/binding-darwin-x64@1.0.0-beta.45", "", { "os": "darwin", "cpu": "x64" }, "sha512-ddcO9TD3D/CLUa/l8GO8LHzBOaZqWg5ClMy3jICoxwCuoz47h9dtqPsIeTiB6yR501LQTeDsjA4lIFd7u3Ljfw=="],

    "@rolldown/binding-freebsd-x64": ["@rolldown/binding-freebsd-x64@1.0.0-beta.45", "", { "os": "freebsd", "cpu": "x64" }, "sha512-MBTWdrzW9w+UMYDUvnEuh0pQvLENkl2Sis15fHTfHVW7ClbGuez+RWopZudIDEGkpZXdeI4CkRXk+vdIIebrmg=="],

    "@rolldown/binding-linux-arm-gnueabihf": ["@rolldown/binding-linux-arm-gnueabihf@1.0.0-beta.45", "", { "os": "linux", "cpu": "arm" }, "sha512-4YgoCFiki1HR6oSg+GxxfzfnVCesQxLF1LEnw9uXS/MpBmuog0EOO2rYfy69rWP4tFZL9IWp6KEfGZLrZ7aUog=="],

    "@rolldown/binding-linux-arm64-gnu": ["@rolldown/binding-linux-arm64-gnu@1.0.0-beta.45", "", { "os": "linux", "cpu": "arm64" }, "sha512-LE1gjAwQRrbCOorJJ7LFr10s5vqYf5a00V5Ea9wXcT2+56n5YosJkcp8eQ12FxRBv2YX8dsdQJb+ZTtYJwb6XQ=="],

    "@rolldown/binding-linux-arm64-musl": ["@rolldown/binding-linux-arm64-musl@1.0.0-beta.45", "", { "os": "linux", "cpu": "arm64" }, "sha512-tdy8ThO/fPp40B81v0YK3QC+KODOmzJzSUOO37DinQxzlTJ026gqUSOM8tzlVixRbQJltgVDCTYF8HNPRErQTA=="],

    "@rolldown/binding-linux-x64-gnu": ["@rolldown/binding-linux-x64-gnu@1.0.0-beta.45", "", { "os": "linux", "cpu": "x64" }, "sha512-lS082ROBWdmOyVY/0YB3JmsiClaWoxvC+dA8/rbhyB9VLkvVEaihLEOr4CYmrMse151C4+S6hCw6oa1iewox7g=="],

    "@rolldown/binding-linux-x64-musl": ["@rolldown/binding-linux-x64-musl@1.0.0-beta.45", "", { "os": "linux", "cpu": "x64" }, "sha512-Hi73aYY0cBkr1/SvNQqH8Cd+rSV6S9RB5izCv0ySBcRnd/Wfn5plguUoGYwBnhHgFbh6cPw9m2dUVBR6BG1gxA=="],

    "@rolldown/binding-openharmony-arm64": ["@rolldown/binding-openharmony-arm64@1.0.0-beta.45", "", { "os": "none", "cpu": "arm64" }, "sha512-fljEqbO7RHHogNDxYtTzr+GNjlfOx21RUyGmF+NrkebZ8emYYiIqzPxsaMZuRx0rgZmVmliOzEp86/CQFDKhJQ=="],

    "@rolldown/binding-wasm32-wasi": ["@rolldown/binding-wasm32-wasi@1.0.0-beta.45", "", { "dependencies": { "@napi-rs/wasm-runtime": "^1.0.7" }, "cpu": "none" }, "sha512-ZJDB7lkuZE9XUnWQSYrBObZxczut+8FZ5pdanm8nNS1DAo8zsrPuvGwn+U3fwU98WaiFsNrA4XHngesCGr8tEQ=="],

    "@rolldown/binding-win32-arm64-msvc": ["@rolldown/binding-win32-arm64-msvc@1.0.0-beta.45", "", { "os": "win32", "cpu": "arm64" }, "sha512-zyzAjItHPUmxg6Z8SyRhLdXlJn3/D9KL5b9mObUrBHhWS/GwRH4665xCiFqeuktAhhWutqfc+rOV2LjK4VYQGQ=="],

    "@rolldown/binding-win32-ia32-msvc": ["@rolldown/binding-win32-ia32-msvc@1.0.0-beta.45", "", { "os": "win32", "cpu": "ia32" }, "sha512-wODcGzlfxqS6D7BR0srkJk3drPwXYLu7jPHN27ce2c4PUnVVmJnp9mJzUQGT4LpmHmmVdMZ+P6hKvyTGBzc1CA=="],

    "@rolldown/binding-win32-x64-msvc": ["@rolldown/binding-win32-x64-msvc@1.0.0-beta.45", "", { "os": "win32", "cpu": "x64" }, "sha512-wiU40G1nQo9rtfvF9jLbl79lUgjfaD/LTyUEw2Wg/gdF5OhjzpKMVugZQngO+RNdwYaNj+Fs+kWBWfp4VXPMHA=="],

    "@rolldown/pluginutils": ["@rolldown/pluginutils@1.0.0-beta.45", "", {}, "sha512-Le9ulGCrD8ggInzWw/k2J8QcbPz7eGIOWqfJ2L+1R0Opm7n6J37s2hiDWlh6LJN0Lk9L5sUzMvRHKW7UxBZsQA=="],

    "@tanstack/query-core": ["@tanstack/query-core@5.90.6", "", {}, "sha512-AnZSLF26R8uX+tqb/ivdrwbVdGemdEDm1Q19qM6pry6eOZ6bEYiY7mWhzXT1YDIPTNEVcZ5kYP9nWjoxDLiIVw=="],

    "@tanstack/react-query": ["@tanstack/react-query@5.90.6", "", { "dependencies": { "@tanstack/query-core": "5.90.6" }, "peerDependencies": { "react": "^18 || ^19" } }, "sha512-gB1sljYjcobZKxjPbKSa31FUTyr+ROaBdoH+wSSs9Dk+yDCmMs+TkTV3PybRRVLC7ax7q0erJ9LvRWnMktnRAw=="],

    "@tybys/wasm-util": ["@tybys/wasm-util@0.10.1", "", { "dependencies": { "tslib": "^2.4.0" } }, "sha512-9tTaPJLSiejZKx+Bmog4uSubteqTvFrVrURwkmHixBo0G4seD0zUxp98E1DzUBJxLQ3NPwXrGKDiVjwx/DpPsg=="],

    "@types/bun": ["@types/bun@1.3.1", "", { "dependencies": { "bun-types": "1.3.1" } }, "sha512-4jNMk2/K9YJtfqwoAa28c8wK+T7nvJFOjxI4h/7sORWcypRNxBpr+TPNaCfVWq70tLCJsqoFwcf0oI0JU/fvMQ=="],

    "@types/node": ["@types/node@24.10.0", "", { "dependencies": { "undici-types": "~7.16.0" } }, "sha512-qzQZRBqkFsYyaSWXuEHc2WR9c0a0CXwiE5FWUvn7ZM+vdy1uZLfCunD38UzhuB7YN/J11ndbDBcTmOdxJo9Q7A=="],

    "@types/react": ["@types/react@19.2.0", "", { "dependencies": { "csstype": "^3.0.2" } }, "sha512-1LOH8xovvsKsCBq1wnT4ntDUdCJKmnEakhsuoUSy6ExlHCkGP2hqnatagYTgFk6oeL0VU31u7SNjunPN+GchtA=="],

    "@types/react-dom": ["@types/react-dom@19.2.0", "", { "peerDependencies": { "@types/react": "^19.2.0" } }, "sha512-brtBs0MnE9SMx7px208g39lRmC5uHZs96caOJfTjFcYSLHNamvaSMfJNagChVNkup2SdtOxKX1FDBkRSJe1ZAg=="],

    "ansis": ["ansis@4.2.0", "", {}, "sha512-HqZ5rWlFjGiV0tDm3UxxgNRqsOTniqoKZu0pIAfh7TZQMGuZK+hH0drySty0si0QXj1ieop4+SkSfPZBPPkHig=="],

    "appwrite": ["appwrite@21.3.0", "", {}, "sha512-b3apD2fiQ7g+2damLZ0Lk9SdCJb32wXKq1ijB7blAl0uItqMx0I34E0RVaC5aER5VTCXHFAlHRjZ1GQypdNt1A=="],

    "ast-kit": ["ast-kit@2.1.3", "", { "dependencies": { "@babel/parser": "^7.28.4", "pathe": "^2.0.3" } }, "sha512-TH+b3Lv6pUjy/Nu0m6A2JULtdzLpmqF9x1Dhj00ZoEiML8qvVA9j1flkzTKNYgdEhWrjDwtWNpyyCUbfQe514g=="],

    "birpc": ["birpc@2.6.1", "", {}, "sha512-LPnFhlDpdSH6FJhJyn4M0kFO7vtQ5iPw24FnG0y21q09xC7e8+1LeR31S1MAIrDAHp4m7aas4bEkTDTvMAtebQ=="],

    "bun-types": ["bun-types@1.3.1", "", { "dependencies": { "@types/node": "*" }, "peerDependencies": { "@types/react": "^19" } }, "sha512-NMrcy7smratanWJ2mMXdpatalovtxVggkj11bScuWuiOoXTiKIu2eVS1/7qbyI/4yHedtsn175n4Sm4JcdHLXw=="],

    "cac": ["cac@6.7.14", "", {}, "sha512-b6Ilus+c3RrdDk+JhLKUAQfzzgLEPy6wcXqS7f/xe1EETvsDP6GORG7SFuOs6cID5YkqchW/LXZbX5bc8j7ZcQ=="],

    "chokidar": ["chokidar@4.0.3", "", { "dependencies": { "readdirp": "^4.0.1" } }, "sha512-Qgzu8kfBvo+cA4962jnP1KkS6Dop5NS6g7R5LFYJr4b8Ub94PPQXUksCw9PvXoeXPRRddRNC5C1JQUR2SMGtnA=="],

    "csstype": ["csstype@3.1.3", "", {}, "sha512-M1uQkMl8rQK/szD0LNhtqxIPLpimGm8sOBwU7lLnCpSbTyY3yeU1Vc7l4KT5zT4s/yOxHH5O7tIuuLOCnLADRw=="],

    "debug": ["debug@4.4.3", "", { "dependencies": { "ms": "^2.1.3" } }, "sha512-RGwwWnwQvkVfavKVt22FGLw+xYSdzARwm0ru6DhTVA3umU5hZc28V3kO4stgYryrTlLpuvgI9GiijltAjNbcqA=="],

    "defu": ["defu@6.1.4", "", {}, "sha512-mEQCMmwJu317oSz8CwdIOdwf3xMif1ttiM8LTufzc3g6kR+9Pe236twL8j3IYT1F7GfRgGcW6MWxzZjLIkuHIg=="],

    "diff": ["diff@8.0.2", "", {}, "sha512-sSuxWU5j5SR9QQji/o2qMvqRNYRDOcBTgsJ/DeCf4iSN4gW+gNMXM7wFIP+fdXZxoNiAnHUTGjCr+TSWXdRDKg=="],

    "dts-resolver": ["dts-resolver@2.1.2", "", { "peerDependencies": { "oxc-resolver": ">=11.0.0" }, "optionalPeers": ["oxc-resolver"] }, "sha512-xeXHBQkn2ISSXxbJWD828PFjtyg+/UrMDo7W4Ffcs7+YWCquxU8YjV1KoxuiL+eJ5pg3ll+bC6flVv61L3LKZg=="],

    "empathic": ["empathic@2.0.0", "", {}, "sha512-i6UzDscO/XfAcNYD75CfICkmfLedpyPDdozrLMmQc5ORaQcdMoc21OnlEylMIqI7U8eniKrPMxxtj8k0vhmJhA=="],

    "fdir": ["fdir@6.5.0", "", { "peerDependencies": { "picomatch": "^3 || ^4" }, "optionalPeers": ["picomatch"] }, "sha512-tIbYtZbucOs0BRGqPJkshJUYdL+SDH7dVM8gjy+ERp3WAUjLEFJE+02kanyHtwjWOnwrKYBiwAmM0p4kLJAnXg=="],

    "get-tsconfig": ["get-tsconfig@4.13.0", "", { "dependencies": { "resolve-pkg-maps": "^1.0.0" } }, "sha512-1VKTZJCwBrvbd+Wn3AOgQP/2Av+TfTCOlE4AcRJE72W1ksZXbAx8PPBR9RzgTeSPzlPMHrbANMH3LbltH73wxQ=="],

    "hookable": ["hookable@5.5.3", "", {}, "sha512-Yc+BQe8SvoXH1643Qez1zqLRmbA5rCL+sSmk6TVos0LWVfNIB7PGncdlId77WzLGSIB5KaWgTaNTs2lNVEI6VQ=="],

    "jiti": ["jiti@2.6.1", "", { "bin": { "jiti": "lib/jiti-cli.mjs" } }, "sha512-ekilCSN1jwRvIbgeg/57YFh8qQDNbwDb9xT/qu2DAHbFFZUicIl4ygVaAvzveMhMVr3LnpSKTNnwt8PoOfmKhQ=="],

    "jsesc": ["jsesc@3.1.0", "", { "bin": { "jsesc": "bin/jsesc" } }, "sha512-/sM3dO2FOzXjKQhJuo0Q173wf2KOo8t4I8vHy6lF9poUp7bKT0/NHE8fPX23PwfhnykfqnC2xRxOnVw5XuGIaA=="],

    "magic-string": ["magic-string@0.30.21", "", { "dependencies": { "@jridgewell/sourcemap-codec": "^1.5.5" } }, "sha512-vd2F4YUyEXKGcLHoq+TEyCjxueSeHnFxyyjNp80yg0XV4vUhnDer/lvvlqM/arB5bXQN5K2/3oinyCRyx8T2CQ=="],

    "ms": ["ms@2.1.3", "", {}, "sha512-6FlzubTLZG3J2a/NVCAleEhjzq5oxgHyaCU9yYXvcLsvoVaHJq/s5xXI6/XXP6tz7R9xAOtHnSO/tXtF3WRTlA=="],

    "oxlint": ["oxlint@1.23.0", "", { "optionalDependencies": { "@oxlint/darwin-arm64": "1.23.0", "@oxlint/darwin-x64": "1.23.0", "@oxlint/linux-arm64-gnu": "1.23.0", "@oxlint/linux-arm64-musl": "1.23.0", "@oxlint/linux-x64-gnu": "1.23.0", "@oxlint/linux-x64-musl": "1.23.0", "@oxlint/win32-arm64": "1.23.0", "@oxlint/win32-x64": "1.23.0" }, "peerDependencies": { "oxlint-tsgolint": ">=0.2.0" }, "optionalPeers": ["oxlint-tsgolint"], "bin": { "oxlint": "bin/oxlint", "oxc_language_server": "bin/oxc_language_server" } }, "sha512-cLVdSE7Bza8npm+PffU0oufs15+M5uSMbQn0k2fJCayWU0xqQ3dyA3w9tEk8lgNOk1j1VJEdYctz64Vik8VG1w=="],

    "pathe": ["pathe@2.0.3", "", {}, "sha512-WUjGcAqP1gQacoQe+OBJsFA7Ld4DyXuUIjZ5cc75cLHvJ7dtNsTugphxIADwspS+AraAUePCKrSVtPLFj/F88w=="],

    "picomatch": ["picomatch@4.0.3", "", {}, "sha512-5gTmgEY/sqK6gFXLIsQNH19lWb4ebPDLA4SdLP7dsWkIXHWlG66oPuVvXSGFPppYZz8ZDZq0dYYrbHfBCVUb1Q=="],

    "quansync": ["quansync@0.2.11", "", {}, "sha512-AifT7QEbW9Nri4tAwR5M/uzpBuqfZf+zwaEM/QkzEjj7NBuFD2rBuy0K3dE+8wltbezDV7JMA0WfnCPYRSYbXA=="],

    "react": ["react@19.2.0", "", {}, "sha512-tmbWg6W31tQLeB5cdIBOicJDJRR2KzXsV7uSK9iNfLWQ5bIZfxuPEHp7M8wiHyHnn0DD1i7w3Zmin0FtkrwoCQ=="],

    "react-appwrite": ["react-appwrite@workspace:packages/react-appwrite"],

    "readdirp": ["readdirp@4.1.2", "", {}, "sha512-GDhwkLfywWL2s6vEjyhri+eXmfH6j1L7JE27WhqLeYzoh/A3DBaYGEj2H/HFZCn/kMfim73FXxEJTw06WtxQwg=="],

    "resolve-pkg-maps": ["resolve-pkg-maps@1.0.0", "", {}, "sha512-seS2Tj26TBVOC2NIc2rOe2y2ZO7efxITtLZcGSOnHHNOQ7CkiUBfw0Iw2ck6xkIhPwLhKNLS8BO+hEpngQlqzw=="],

    "rolldown": ["rolldown@1.0.0-beta.45", "", { "dependencies": { "@oxc-project/types": "=0.95.0", "@rolldown/pluginutils": "1.0.0-beta.45" }, "optionalDependencies": { "@rolldown/binding-android-arm64": "1.0.0-beta.45", "@rolldown/binding-darwin-arm64": "1.0.0-beta.45", "@rolldown/binding-darwin-x64": "1.0.0-beta.45", "@rolldown/binding-freebsd-x64": "1.0.0-beta.45", "@rolldown/binding-linux-arm-gnueabihf": "1.0.0-beta.45", "@rolldown/binding-linux-arm64-gnu": "1.0.0-beta.45", "@rolldown/binding-linux-arm64-musl": "1.0.0-beta.45", "@rolldown/binding-linux-x64-gnu": "1.0.0-beta.45", "@rolldown/binding-linux-x64-musl": "1.0.0-beta.45", "@rolldown/binding-openharmony-arm64": "1.0.0-beta.45", "@rolldown/binding-wasm32-wasi": "1.0.0-beta.45", "@rolldown/binding-win32-arm64-msvc": "1.0.0-beta.45", "@rolldown/binding-win32-ia32-msvc": "1.0.0-beta.45", "@rolldown/binding-win32-x64-msvc": "1.0.0-beta.45" }, "bin": { "rolldown": "bin/cli.mjs" } }, "sha512-iMmuD72XXLf26Tqrv1cryNYLX6NNPLhZ3AmNkSf8+xda0H+yijjGJ+wVT9UdBUHOpKzq9RjKtQKRCWoEKQQBZQ=="],

    "rolldown-plugin-dts": ["rolldown-plugin-dts@0.16.12", "", { "dependencies": { "@babel/generator": "^7.28.3", "@babel/parser": "^7.28.4", "@babel/types": "^7.28.4", "ast-kit": "^2.1.3", "birpc": "^2.6.1", "debug": "^4.4.3", "dts-resolver": "^2.1.2", "get-tsconfig": "^4.12.0", "magic-string": "^0.30.19" }, "peerDependencies": { "@ts-macro/tsc": "^0.3.6", "@typescript/native-preview": ">=7.0.0-dev.20250601.1", "rolldown": "^1.0.0-beta.9", "typescript": "^5.0.0", "vue-tsc": "~3.1.0" }, "optionalPeers": ["@ts-macro/tsc", "@typescript/native-preview", "typescript", "vue-tsc"] }, "sha512-9dGjm5oqtKcbZNhpzyBgb8KrYiU616A7IqcFWG7Msp1RKAXQ/hapjivRg+g5IYWSiFhnk3OKYV5T4Ft1t8Cczg=="],

    "semver": ["semver@7.7.3", "", { "bin": { "semver": "bin/semver.js" } }, "sha512-SdsKMrI9TdgjdweUSR9MweHA4EJ8YxHn8DFaDisvhVlUOe4BF1tLD7GAj0lIqWVl+dPb/rExr0Btby5loQm20Q=="],

    "tinyexec": ["tinyexec@1.0.1", "", {}, "sha512-5uC6DDlmeqiOwCPmK9jMSdOuZTh8bU39Ys6yidB+UTt5hfZUPGAypSgFRiEp+jbi9qH40BLDvy85jIU88wKSqw=="],

    "tinyglobby": ["tinyglobby@0.2.15", "", { "dependencies": { "fdir": "^6.5.0", "picomatch": "^4.0.3" } }, "sha512-j2Zq4NyQYG5XMST4cbs02Ak8iJUdxRM0XI5QyxXuZOzKOINmWurp3smXu3y5wDcJrptwpSjgXHzIQxR0omXljQ=="],

    "tree-kill": ["tree-kill@1.2.2", "", { "bin": { "tree-kill": "cli.js" } }, "sha512-L0Orpi8qGpRG//Nd+H90vFB+3iHnue1zSSGmNOOCh1GLJ7rUKVwV2HvijphGQS2UmhUZewS9VgvxYIdgr+fG1A=="],

    "tsdown": ["tsdown@0.15.7", "", { "dependencies": { "ansis": "^4.2.0", "cac": "^6.7.14", "chokidar": "^4.0.3", "debug": "^4.4.3", "diff": "^8.0.2", "empathic": "^2.0.0", "hookable": "^5.5.3", "rolldown": "latest", "rolldown-plugin-dts": "^0.16.11", "semver": "^7.7.3", "tinyexec": "^1.0.1", "tinyglobby": "^0.2.15", "tree-kill": "^1.2.2", "unconfig": "^7.3.3" }, "peerDependencies": { "@arethetypeswrong/core": "^0.18.1", "publint": "^0.3.0", "typescript": "^5.0.0", "unplugin-lightningcss": "^0.4.0", "unplugin-unused": "^0.5.0" }, "optionalPeers": ["@arethetypeswrong/core", "publint", "typescript", "unplugin-lightningcss", "unplugin-unused"], "bin": { "tsdown": "dist/run.mjs" } }, "sha512-uFaVgWAogjOMqjY+CQwrUt3C6wzy6ynt82CIoXymnbS17ipUZ8WDXUceJjkislUahF/BZc5+W44Ue3p2oWtqUg=="],

    "tslib": ["tslib@2.8.1", "", {}, "sha512-oJFu94HQb+KVduSUQL7wnpmqnfmLsOA/nAh6b6EH0wCEoK0/mPeXU6c3wKDV83MkOuHPRHtSXKKU99IBazS/2w=="],

    "turbo": ["turbo@2.5.8", "", { "optionalDependencies": { "turbo-darwin-64": "2.5.8", "turbo-darwin-arm64": "2.5.8", "turbo-linux-64": "2.5.8", "turbo-linux-arm64": "2.5.8", "turbo-windows-64": "2.5.8", "turbo-windows-arm64": "2.5.8" }, "bin": { "turbo": "bin/turbo" } }, "sha512-5c9Fdsr9qfpT3hA0EyYSFRZj1dVVsb6KIWubA9JBYZ/9ZEAijgUEae0BBR/Xl/wekt4w65/lYLTFaP3JmwSO8w=="],

    "turbo-darwin-64": ["turbo-darwin-64@2.5.8", "", { "os": "darwin", "cpu": "x64" }, "sha512-Dh5bCACiHO8rUXZLpKw+m3FiHtAp2CkanSyJre+SInEvEr5kIxjGvCK/8MFX8SFRjQuhjtvpIvYYZJB4AGCxNQ=="],

    "turbo-darwin-arm64": ["turbo-darwin-arm64@2.5.8", "", { "os": "darwin", "cpu": "arm64" }, "sha512-f1H/tQC9px7+hmXn6Kx/w8Jd/FneIUnvLlcI/7RGHunxfOkKJKvsoiNzySkoHQ8uq1pJnhJ0xNGTlYM48ZaJOQ=="],

    "turbo-linux-64": ["turbo-linux-64@2.5.8", "", { "os": "linux", "cpu": "x64" }, "sha512-hMyvc7w7yadBlZBGl/bnR6O+dJTx3XkTeyTTH4zEjERO6ChEs0SrN8jTFj1lueNXKIHh1SnALmy6VctKMGnWfw=="],

    "turbo-linux-arm64": ["turbo-linux-arm64@2.5.8", "", { "os": "linux", "cpu": "arm64" }, "sha512-LQELGa7bAqV2f+3rTMRPnj5G/OHAe2U+0N9BwsZvfMvHSUbsQ3bBMWdSQaYNicok7wOZcHjz2TkESn1hYK6xIQ=="],

    "turbo-windows-64": ["turbo-windows-64@2.5.8", "", { "os": "win32", "cpu": "x64" }, "sha512-3YdcaW34TrN1AWwqgYL9gUqmZsMT4T7g8Y5Azz+uwwEJW+4sgcJkIi9pYFyU4ZBSjBvkfuPZkGgfStir5BBDJQ=="],

    "turbo-windows-arm64": ["turbo-windows-arm64@2.5.8", "", { "os": "win32", "cpu": "arm64" }, "sha512-eFC5XzLmgXJfnAK3UMTmVECCwuBcORrWdewoiXBnUm934DY6QN8YowC/srhNnROMpaKaqNeRpoB5FxCww3eteQ=="],

    "typescript": ["typescript@5.9.3", "", { "bin": { "tsc": "bin/tsc", "tsserver": "bin/tsserver" } }, "sha512-jl1vZzPDinLr9eUt3J/t7V6FgNEw9QjvBPdysz9KfQDD41fQrC2Y4vKQdiaUpFT4bXlb1RHhLpp8wtm6M5TgSw=="],

    "unconfig": ["unconfig@7.3.3", "", { "dependencies": { "@quansync/fs": "^0.1.5", "defu": "^6.1.4", "jiti": "^2.5.1", "quansync": "^0.2.11" } }, "sha512-QCkQoOnJF8L107gxfHL0uavn7WD9b3dpBcFX6HtfQYmjw2YzWxGuFQ0N0J6tE9oguCBJn9KOvfqYDCMPHIZrBA=="],

    "undici-types": ["undici-types@7.16.0", "", {}, "sha512-Zz+aZWSj8LE6zoxD+xrjh4VfkIG8Ya6LvYkZqtUQGJPZjYl53ypCaUwWqo7eI0x66KBGeRo+mlBEkMSeSZ38Nw=="],

    "bun-types/@types/node": ["@types/node@24.9.2", "", { "dependencies": { "undici-types": "~7.16.0" } }, "sha512-uWN8YqxXxqFMX2RqGOrumsKeti4LlmIMIyV0lgut4jx7KQBcBiW6vkDtIBvHnHIquwNfJhk8v2OtmO8zXWHfPA=="],
  }
}
