{
  "name": "sum",
  "lockfileVersion": 2,
  "requires": true,
  "packages": {
    "": {
      "name": "sum",
      "dependencies": {
        "appwrite-functions": "^0.0.5"
      },
      "devDependencies": {
        "typescript": "^4.9.5"
      }
    },
    "node_modules/appwrite-functions": {
      "version": "0.0.5",
      "resolved": "https://registry.npmjs.org/appwrite-functions/-/appwrite-functions-0.0.5.tgz",
      "integrity": "sha512-jYYeiSgAhNj+4W7bGVIuZSqGyMGa8yvcDtxcHV8zIuUJz/fwZ70w+lXsAtHY4ZCjcfCxicBXE+Nu54Y3N6XZdg=="
    },
    "node_modules/typescript": {
      "version": "4.9.5",
      "dev": true,
      "license": "Apache-2.0",
      "bin": {
        "tsc": "bin/tsc",
        "tsserver": "bin/tsserver"
      },
      "engines": {
        "node": ">=4.2.0"
      }
    }
  },
  "dependencies": {
    "appwrite-functions": {
      "version": "0.0.5",
      "resolved": "https://registry.npmjs.org/appwrite-functions/-/appwrite-functions-0.0.5.tgz",
      "integrity": "sha512-jYYeiSgAhNj+4W7bGVIuZSqGyMGa8yvcDtxcHV8zIuUJz/fwZ70w+lXsAtHY4ZCjcfCxicBXE+Nu54Y3N6XZdg=="
    },
    "typescript": {
      "version": "4.9.5",
      "dev": true
    }
  }
}
